<?xml version="1.0" encoding="utf-8"?>
<Project ToolsVersion="4.0" xmlns="http://schemas.microsoft.com/developer/msbuild/2003">
  <ItemGroup>
    <Filter Include="리소스 파일">
      <UniqueIdentifier>{67DA6AB6-F800-4c08-8B7A-83BB121AAD01}</UniqueIdentifier>
      <Extensions>rc;ico;cur;bmp;dlg;rc2;rct;bin;rgs;gif;jpg;jpeg;jpe;resx;tiff;tif;png;wav;mfcribbon-ms</Extensions>
    </Filter>
    <Filter Include="Sample">
      <UniqueIdentifier>{9a2f92ca-462a-4f89-bc22-3591f9636222}</UniqueIdentifier>
    </Filter>
    <Filter Include="Sample\Animals">
      <UniqueIdentifier>{72a6eea6-d474-4b58-b2ce-f38a2b0385e9}</UniqueIdentifier>
    </Filter>
    <Filter Include="Sample\Executor">
      <UniqueIdentifier>{0a586b9a-da6c-4619-90c9-4e5a43ea9134}</UniqueIdentifier>
    </Filter>
    <Filter Include="Sample\Utilities">
      <UniqueIdentifier>{7f3c7579-51f7-4cd3-a01f-1fadce1e0563}</UniqueIdentifier>
    </Filter>
  </ItemGroup>
  <ItemGroup>
    <ClInclude Include="Dog.h">
      <Filter>Sample\Animals</Filter>
    </ClInclude>
    <ClInclude Include="Animal.h">
      <Filter>Sample\Animals</Filter>
    </ClInclude>
    <ClInclude Include="Cat.h">
      <Filter>Sample\Animals</Filter>
    </ClInclude>
    <ClInclude Include="Pig.h">
      <Filter>Sample\Animals</Filter>
    </ClInclude>
    <ClInclude Include="Duck.h">
      <Filter>Sample\Animals</Filter>
    </ClInclude>
    <ClInclude Include="Owl.h">
      <Filter>Sample\Animals</Filter>
    </ClInclude>
    <ClInclude Include="AnimalManager.h">
      <Filter>Sample\Animals</Filter>
    </ClInclude>
    <ClInclude Include="User.h">
      <Filter>Sample\Animals</Filter>
    </ClInclude>
    <ClInclude Include="Job.h">
      <Filter>Sample\Executor</Filter>
    </ClInclude>
    <ClInclude Include="Executor.h">
      <Filter>Sample\Executor</Filter>
    </ClInclude>
    <ClInclude Include="Worker.h">
      <Filter>Sample\Executor</Filter>
    </ClInclude>
    <ClInclude Include="Singleton.h">
      <Filter>Sample\Utilities</Filter>
    </ClInclude>
    <ClInclude Include="TimerWorker.h">
      <Filter>Sample\Executor</Filter>
    </ClInclude>
    <ClInclude Include="JobTimerQueue.h">
      <Filter>Sample\Executor</Filter>
    </ClInclude>
    <ClInclude Include="ThreadLaunchManager.h">
      <Filter>Sample</Filter>
    </ClInclude>
  </ItemGroup>
  <ItemGroup>
    <ClCompile Include="main.cpp">
      <Filter>Sample</Filter>
    </ClCompile>
    <ClCompile Include="Animal.cpp">
      <Filter>Sample\Animals</Filter>
    </ClCompile>
    <ClCompile Include="AnimalManager.cpp">
      <Filter>Sample\Animals</Filter>
    </ClCompile>
    <ClCompile Include="User.cpp">
      <Filter>Sample\Animals</Filter>
    </ClCompile>
    <ClCompile Include="Executor.cpp">
      <Filter>Sample\Executor</Filter>
    </ClCompile>
    <ClCompile Include="Job.cpp">
      <Filter>Sample\Executor</Filter>
    </ClCompile>
    <ClCompile Include="Worker.cpp">
      <Filter>Sample\Executor</Filter>
    </ClCompile>
    <ClCompile Include="Singleton.cpp">
      <Filter>Sample\Utilities</Filter>
    </ClCompile>
    <ClCompile Include="TimerWorker.cpp">
      <Filter>Sample\Executor</Filter>
    </ClCompile>
    <ClCompile Include="JobTimerQueue.cpp">
      <Filter>Sample\Executor</Filter>
    </ClCompile>
    <ClCompile Include="ThreadLaunchManager.cpp">
      <Filter>Sample</Filter>
    </ClCompile>
  </ItemGroup>
</Project>